
Microsoft Visual Studio Solution File, Format Version 12.00
# Visual Studio Version 16
VisualStudioVersion = 16.0.28714.193
MinimumVisualStudioVersion = 10.0.40219.1
Project("{FAE04EC0-301F-11D3-BF4B-00C04F79EFBC}") = "prezentacja_cis", "prezentacja_cis\prezentacja_cis.csproj", "{A0604194-E181-48FE-BA60-4D38FA89D633}"
EndProject
Global
	GlobalSection(SolutionConfigurationPlatforms) = preSolution
		Debug|Any CPU = Debug|Any CPU
		Release|Any CPU = Release|Any CPU
	EndGlobalSection
	GlobalSection(ProjectConfigurationPlatforms) = postSolution
		{A0604194-E181-48FE-BA60-4D38FA89D633}.Debug|Any CPU.ActiveCfg = Debug|Any CPU
		{A0604194-E181-48FE-BA60-4D38FA89D633}.Debug|Any CPU.Build.0 = Debug|Any CPU
		{A0604194-E181-48FE-BA60-4D38FA89D633}.Release|Any CPU.ActiveCfg = Release|Any CPU
		{A0604194-E181-48FE-BA60-4D38FA89D633}.Release|Any CPU.Build.0 = Release|Any CPU
	EndGlobalSection
	GlobalSection(SolutionProperties) = preSolution
		HideSolutionNode = FALSE
	EndGlobalSection
	GlobalSection(ExtensibilityGlobals) = postSolution
		SolutionGuid = {E0A41404-4A7A-49C1-A94A-EAE476181FE7}
	EndGlobalSection
EndGlobal
